// !$*UTF8*$!
{
	archiveVersion = 1;
	classes = {
	};
	objectVersion = 56;
	objects = {

/* Begin PBXBuildFile section */
		971A499B29E5B7980059764C /* ListOfCompletedRevisionView.swift in Sources */ = {isa = PBXBuildFile; fileRef = 971A499A29E5B7980059764C /* ListOfCompletedRevisionView.swift */; };
		971A499D29E5B8A40059764C /* ListOfCompletedRevisionViewModel.swift in Sources */ = {isa = PBXBuildFile; fileRef = 971A499C29E5B8A40059764C /* ListOfCompletedRevisionViewModel.swift */; };
		9747779929E4319000D05C44 /* RevisionResultView.swift in Sources */ = {isa = PBXBuildFile; fileRef = 9747779829E4319000D05C44 /* RevisionResultView.swift */; };
		9747779B29E431B100D05C44 /* RevisionResultViewModel.swift in Sources */ = {isa = PBXBuildFile; fileRef = 9747779A29E431B100D05C44 /* RevisionResultViewModel.swift */; };
		9747779E29E4ABED00D05C44 /* RevisionResult.swift in Sources */ = {isa = PBXBuildFile; fileRef = 9747779D29E4ABED00D05C44 /* RevisionResult.swift */; };
		974777A129E56C6300D05C44 /* RevisionDetaliesView.swift in Sources */ = {isa = PBXBuildFile; fileRef = 974777A029E56C6300D05C44 /* RevisionDetaliesView.swift */; };
		979E8E05299FDADA0069B52E /* HAIs_ChecklistApp.swift in Sources */ = {isa = PBXBuildFile; fileRef = 979E8E04299FDADA0069B52E /* HAIs_ChecklistApp.swift */; };
		979E8E09299FDADC0069B52E /* Assets.xcassets in Resources */ = {isa = PBXBuildFile; fileRef = 979E8E08299FDADC0069B52E /* Assets.xcassets */; };
		979E8E0C299FDADC0069B52E /* Preview Assets.xcassets in Resources */ = {isa = PBXBuildFile; fileRef = 979E8E0B299FDADC0069B52E /* Preview Assets.xcassets */; };
		979E8E1E29A15A350069B52E /* GoogleService-Info.plist in Resources */ = {isa = PBXBuildFile; fileRef = 979E8E1D29A15A350069B52E /* GoogleService-Info.plist */; };
		979E8E2929A166290069B52E /* Checklist.swift in Sources */ = {isa = PBXBuildFile; fileRef = 979E8E2829A166290069B52E /* Checklist.swift */; };
		979E8E2B29A252FA0069B52E /* Document.swift in Sources */ = {isa = PBXBuildFile; fileRef = 979E8E2A29A252FA0069B52E /* Document.swift */; };
		979E8E2D29A253600069B52E /* DatabaseServiceProtocol.swift in Sources */ = {isa = PBXBuildFile; fileRef = 979E8E2C29A253600069B52E /* DatabaseServiceProtocol.swift */; };
		979E8E2F29A253B40069B52E /* FirestoreDatabaseService.swift in Sources */ = {isa = PBXBuildFile; fileRef = 979E8E2E29A253B40069B52E /* FirestoreDatabaseService.swift */; };
		979E8E3229A27D030069B52E /* SDWebImageSwiftUI in Frameworks */ = {isa = PBXBuildFile; productRef = 979E8E3129A27D030069B52E /* SDWebImageSwiftUI */; };
		979E8E3429A27EB20069B52E /* ListOfChecklistView.swift in Sources */ = {isa = PBXBuildFile; fileRef = 979E8E3329A27EB20069B52E /* ListOfChecklistView.swift */; };
		979E8E3729A27EEC0069B52E /* ListOfChecklistViewModel.swift in Sources */ = {isa = PBXBuildFile; fileRef = 979E8E3629A27EEC0069B52E /* ListOfChecklistViewModel.swift */; };
		979E8E3929A27F0A0069B52E /* Env.swift in Sources */ = {isa = PBXBuildFile; fileRef = 979E8E3829A27F0A0069B52E /* Env.swift */; };
		979E8E3B29A281080069B52E /* Processable.swift in Sources */ = {isa = PBXBuildFile; fileRef = 979E8E3A29A281080069B52E /* Processable.swift */; };
		979E8E4029A298450069B52E /* ChecklistType.swift in Sources */ = {isa = PBXBuildFile; fileRef = 979E8E3F29A298450069B52E /* ChecklistType.swift */; };
		979E8E4329A29DF80069B52E /* AuthorizationServiceProtocol.swift in Sources */ = {isa = PBXBuildFile; fileRef = 979E8E4229A29DF80069B52E /* AuthorizationServiceProtocol.swift */; };
		979E8E4529A29E0E0069B52E /* FirebaseAuthorizationService.swift in Sources */ = {isa = PBXBuildFile; fileRef = 979E8E4429A29E0E0069B52E /* FirebaseAuthorizationService.swift */; };
		979E8E4829A29F930069B52E /* FirebaseAuth in Frameworks */ = {isa = PBXBuildFile; productRef = 979E8E4729A29F930069B52E /* FirebaseAuth */; };
		979E8E4A29A29F930069B52E /* FirebaseFirestore in Frameworks */ = {isa = PBXBuildFile; productRef = 979E8E4929A29F930069B52E /* FirebaseFirestore */; };
		979E8E4C29A29F930069B52E /* FirebaseFirestoreSwift in Frameworks */ = {isa = PBXBuildFile; productRef = 979E8E4B29A29F930069B52E /* FirebaseFirestoreSwift */; };
		979E8E4F29A29FC70069B52E /* StorageService.swift in Sources */ = {isa = PBXBuildFile; fileRef = 979E8E4E29A29FC70069B52E /* StorageService.swift */; };
		979E8E5229A2A14E0069B52E /* KeychainSwift in Frameworks */ = {isa = PBXBuildFile; productRef = 979E8E5129A2A14E0069B52E /* KeychainSwift */; };
		979E8E5429A2AB880069B52E /* StorageServiceProtocol.swift in Sources */ = {isa = PBXBuildFile; fileRef = 979E8E5329A2AB880069B52E /* StorageServiceProtocol.swift */; };
		979E8E5629A2ABBD0069B52E /* AppKeys.swift in Sources */ = {isa = PBXBuildFile; fileRef = 979E8E5529A2ABBD0069B52E /* AppKeys.swift */; };
		979E8E5829A2ABE60069B52E /* User.swift in Sources */ = {isa = PBXBuildFile; fileRef = 979E8E5729A2ABE60069B52E /* User.swift */; };
		979E8E5B29A3798B0069B52E /* AuthCoordinator.swift in Sources */ = {isa = PBXBuildFile; fileRef = 979E8E5A29A3798B0069B52E /* AuthCoordinator.swift */; };
		979E8E5F29A379C90069B52E /* SignUpView.swift in Sources */ = {isa = PBXBuildFile; fileRef = 979E8E5E29A379C90069B52E /* SignUpView.swift */; };
		979E8E6129A379F00069B52E /* SignUpViewModel.swift in Sources */ = {isa = PBXBuildFile; fileRef = 979E8E6029A379F00069B52E /* SignUpViewModel.swift */; };
		979E8E6429A37A260069B52E /* UsernameTextField.swift in Sources */ = {isa = PBXBuildFile; fileRef = 979E8E6329A37A260069B52E /* UsernameTextField.swift */; };
		979E8E6629A37A690069B52E /* PasswordSecureField.swift in Sources */ = {isa = PBXBuildFile; fileRef = 979E8E6529A37A690069B52E /* PasswordSecureField.swift */; };
		979E8E6829A37A7D0069B52E /* EmailTextField.swift in Sources */ = {isa = PBXBuildFile; fileRef = 979E8E6729A37A7D0069B52E /* EmailTextField.swift */; };
		979E8E6B29A37B760069B52E /* ValidationService.swift in Sources */ = {isa = PBXBuildFile; fileRef = 979E8E6A29A37B760069B52E /* ValidationService.swift */; };
		979E8E6D29A37D640069B52E /* SignInView.swift in Sources */ = {isa = PBXBuildFile; fileRef = 979E8E6C29A37D640069B52E /* SignInView.swift */; };
		979E8E6F29A37D920069B52E /* SignInViewModel.swift in Sources */ = {isa = PBXBuildFile; fileRef = 979E8E6E29A37D920069B52E /* SignInViewModel.swift */; };
		979E8E7129A387860069B52E /* AppCoordinator.swift in Sources */ = {isa = PBXBuildFile; fileRef = 979E8E7029A387860069B52E /* AppCoordinator.swift */; };
		979E8E7429A388500069B52E /* TabViewCoordinator.swift in Sources */ = {isa = PBXBuildFile; fileRef = 979E8E7329A388500069B52E /* TabViewCoordinator.swift */; };
		979E8E7729A38DC30069B52E /* ProfileView.swift in Sources */ = {isa = PBXBuildFile; fileRef = 979E8E7629A38DC30069B52E /* ProfileView.swift */; };
		979E8E7929A38DDA0069B52E /* ProfileViewModel.swift in Sources */ = {isa = PBXBuildFile; fileRef = 979E8E7829A38DDA0069B52E /* ProfileViewModel.swift */; };
		979E8E7C29A3B9440069B52E /* ChecklistView.swift in Sources */ = {isa = PBXBuildFile; fileRef = 979E8E7B29A3B9440069B52E /* ChecklistView.swift */; };
		979E8E7E29A3B9860069B52E /* ChecklistViewModel.swift in Sources */ = {isa = PBXBuildFile; fileRef = 979E8E7D29A3B9860069B52E /* ChecklistViewModel.swift */; };
		979E8E8229A3C53E0069B52E /* СompletedСhecklist.swift in Sources */ = {isa = PBXBuildFile; fileRef = 979E8E8129A3C53E0069B52E /* СompletedСhecklist.swift */; };
		979E8E8429A3C58D0069B52E /* Revision.swift in Sources */ = {isa = PBXBuildFile; fileRef = 979E8E8329A3C58D0069B52E /* Revision.swift */; };
		979E8E8729A3D5190069B52E /* GetStartedView.swift in Sources */ = {isa = PBXBuildFile; fileRef = 979E8E8629A3D5190069B52E /* GetStartedView.swift */; };
		979E8E8A29A423A60069B52E /* CustomTextField.swift in Sources */ = {isa = PBXBuildFile; fileRef = 979E8E8929A423A60069B52E /* CustomTextField.swift */; };
		979E8E8D29A4CCF40069B52E /* RevisionService.swift in Sources */ = {isa = PBXBuildFile; fileRef = 979E8E8C29A4CCF40069B52E /* RevisionService.swift */; };
		979E8E8F29A4CD6D0069B52E /* GetStartedViewModel.swift in Sources */ = {isa = PBXBuildFile; fileRef = 979E8E8E29A4CD6D0069B52E /* GetStartedViewModel.swift */; };
		979E8E9129A4DD610069B52E /* DatabaseModel.swift in Sources */ = {isa = PBXBuildFile; fileRef = 979E8E9029A4DD610069B52E /* DatabaseModel.swift */; };
		979E8E9329A4DF150069B52E /* RevisionServiceProtocol.swift in Sources */ = {isa = PBXBuildFile; fileRef = 979E8E9229A4DF150069B52E /* RevisionServiceProtocol.swift */; };
		979E8E9529A526F60069B52E /* CheckPoint.swift in Sources */ = {isa = PBXBuildFile; fileRef = 979E8E9429A526F60069B52E /* CheckPoint.swift */; };
		97F7769029B39D0200E0E9F8 /* SettingsView.swift in Sources */ = {isa = PBXBuildFile; fileRef = 97F7768F29B39D0200E0E9F8 /* SettingsView.swift */; };
		97F7769329B3AA1800E0E9F8 /* ChangeEmailView.swift in Sources */ = {isa = PBXBuildFile; fileRef = 97F7769229B3AA1800E0E9F8 /* ChangeEmailView.swift */; };
		97F7769529B3AA5800E0E9F8 /* ChangeEmailViewModel.swift in Sources */ = {isa = PBXBuildFile; fileRef = 97F7769429B3AA5800E0E9F8 /* ChangeEmailViewModel.swift */; };
		97F7769829B3ABA600E0E9F8 /* ChangePasswordView.swift in Sources */ = {isa = PBXBuildFile; fileRef = 97F7769729B3ABA600E0E9F8 /* ChangePasswordView.swift */; };
		97F7769A29B3ABC600E0E9F8 /* ChangePasswordViewModel.swift in Sources */ = {isa = PBXBuildFile; fileRef = 97F7769929B3ABC600E0E9F8 /* ChangePasswordViewModel.swift */; };
		97F7769C29B3ABF600E0E9F8 /* ChangePasswordError.swift in Sources */ = {isa = PBXBuildFile; fileRef = 97F7769B29B3ABF600E0E9F8 /* ChangePasswordError.swift */; };
/* End PBXBuildFile section */

/* Begin PBXFileReference section */
		971A499A29E5B7980059764C /* ListOfCompletedRevisionView.swift */ = {isa = PBXFileReference; lastKnownFileType = sourcecode.swift; path = ListOfCompletedRevisionView.swift; sourceTree = "<group>"; };
		971A499C29E5B8A40059764C /* ListOfCompletedRevisionViewModel.swift */ = {isa = PBXFileReference; lastKnownFileType = sourcecode.swift; path = ListOfCompletedRevisionViewModel.swift; sourceTree = "<group>"; };
		9747779829E4319000D05C44 /* RevisionResultView.swift */ = {isa = PBXFileReference; lastKnownFileType = sourcecode.swift; path = RevisionResultView.swift; sourceTree = "<group>"; };
		9747779A29E431B100D05C44 /* RevisionResultViewModel.swift */ = {isa = PBXFileReference; lastKnownFileType = sourcecode.swift; path = RevisionResultViewModel.swift; sourceTree = "<group>"; };
		9747779D29E4ABED00D05C44 /* RevisionResult.swift */ = {isa = PBXFileReference; lastKnownFileType = sourcecode.swift; path = RevisionResult.swift; sourceTree = "<group>"; };
		974777A029E56C6300D05C44 /* RevisionDetaliesView.swift */ = {isa = PBXFileReference; lastKnownFileType = sourcecode.swift; path = RevisionDetaliesView.swift; sourceTree = "<group>"; };
		979E8E01299FDADA0069B52E /* HAIs-Checklist.app */ = {isa = PBXFileReference; explicitFileType = wrapper.application; includeInIndex = 0; path = "HAIs-Checklist.app"; sourceTree = BUILT_PRODUCTS_DIR; };
		979E8E04299FDADA0069B52E /* HAIs_ChecklistApp.swift */ = {isa = PBXFileReference; lastKnownFileType = sourcecode.swift; path = HAIs_ChecklistApp.swift; sourceTree = "<group>"; };
		979E8E08299FDADC0069B52E /* Assets.xcassets */ = {isa = PBXFileReference; lastKnownFileType = folder.assetcatalog; path = Assets.xcassets; sourceTree = "<group>"; };
		979E8E0B299FDADC0069B52E /* Preview Assets.xcassets */ = {isa = PBXFileReference; lastKnownFileType = folder.assetcatalog; path = "Preview Assets.xcassets"; sourceTree = "<group>"; };
		979E8E1D29A15A350069B52E /* GoogleService-Info.plist */ = {isa = PBXFileReference; fileEncoding = 4; lastKnownFileType = text.plist.xml; path = "GoogleService-Info.plist"; sourceTree = "<group>"; };
		979E8E2829A166290069B52E /* Checklist.swift */ = {isa = PBXFileReference; lastKnownFileType = sourcecode.swift; path = Checklist.swift; sourceTree = "<group>"; };
		979E8E2A29A252FA0069B52E /* Document.swift */ = {isa = PBXFileReference; lastKnownFileType = sourcecode.swift; path = Document.swift; sourceTree = "<group>"; };
		979E8E2C29A253600069B52E /* DatabaseServiceProtocol.swift */ = {isa = PBXFileReference; lastKnownFileType = sourcecode.swift; path = DatabaseServiceProtocol.swift; sourceTree = "<group>"; };
		979E8E2E29A253B40069B52E /* FirestoreDatabaseService.swift */ = {isa = PBXFileReference; lastKnownFileType = sourcecode.swift; path = FirestoreDatabaseService.swift; sourceTree = "<group>"; };
		979E8E3329A27EB20069B52E /* ListOfChecklistView.swift */ = {isa = PBXFileReference; lastKnownFileType = sourcecode.swift; path = ListOfChecklistView.swift; sourceTree = "<group>"; };
		979E8E3629A27EEC0069B52E /* ListOfChecklistViewModel.swift */ = {isa = PBXFileReference; lastKnownFileType = sourcecode.swift; path = ListOfChecklistViewModel.swift; sourceTree = "<group>"; };
		979E8E3829A27F0A0069B52E /* Env.swift */ = {isa = PBXFileReference; lastKnownFileType = sourcecode.swift; path = Env.swift; sourceTree = "<group>"; };
		979E8E3A29A281080069B52E /* Processable.swift */ = {isa = PBXFileReference; lastKnownFileType = sourcecode.swift; path = Processable.swift; sourceTree = "<group>"; };
		979E8E3F29A298450069B52E /* ChecklistType.swift */ = {isa = PBXFileReference; lastKnownFileType = sourcecode.swift; path = ChecklistType.swift; sourceTree = "<group>"; };
		979E8E4229A29DF80069B52E /* AuthorizationServiceProtocol.swift */ = {isa = PBXFileReference; lastKnownFileType = sourcecode.swift; path = AuthorizationServiceProtocol.swift; sourceTree = "<group>"; };
		979E8E4429A29E0E0069B52E /* FirebaseAuthorizationService.swift */ = {isa = PBXFileReference; lastKnownFileType = sourcecode.swift; path = FirebaseAuthorizationService.swift; sourceTree = "<group>"; };
		979E8E4E29A29FC70069B52E /* StorageService.swift */ = {isa = PBXFileReference; lastKnownFileType = sourcecode.swift; path = StorageService.swift; sourceTree = "<group>"; };
		979E8E5329A2AB880069B52E /* StorageServiceProtocol.swift */ = {isa = PBXFileReference; lastKnownFileType = sourcecode.swift; path = StorageServiceProtocol.swift; sourceTree = "<group>"; };
		979E8E5529A2ABBD0069B52E /* AppKeys.swift */ = {isa = PBXFileReference; lastKnownFileType = sourcecode.swift; path = AppKeys.swift; sourceTree = "<group>"; };
		979E8E5729A2ABE60069B52E /* User.swift */ = {isa = PBXFileReference; lastKnownFileType = sourcecode.swift; path = User.swift; sourceTree = "<group>"; };
		979E8E5A29A3798B0069B52E /* AuthCoordinator.swift */ = {isa = PBXFileReference; lastKnownFileType = sourcecode.swift; path = AuthCoordinator.swift; sourceTree = "<group>"; };
		979E8E5E29A379C90069B52E /* SignUpView.swift */ = {isa = PBXFileReference; lastKnownFileType = sourcecode.swift; path = SignUpView.swift; sourceTree = "<group>"; };
		979E8E6029A379F00069B52E /* SignUpViewModel.swift */ = {isa = PBXFileReference; lastKnownFileType = sourcecode.swift; path = SignUpViewModel.swift; sourceTree = "<group>"; };
		979E8E6329A37A260069B52E /* UsernameTextField.swift */ = {isa = PBXFileReference; lastKnownFileType = sourcecode.swift; path = UsernameTextField.swift; sourceTree = "<group>"; };
		979E8E6529A37A690069B52E /* PasswordSecureField.swift */ = {isa = PBXFileReference; lastKnownFileType = sourcecode.swift; path = PasswordSecureField.swift; sourceTree = "<group>"; };
		979E8E6729A37A7D0069B52E /* EmailTextField.swift */ = {isa = PBXFileReference; lastKnownFileType = sourcecode.swift; path = EmailTextField.swift; sourceTree = "<group>"; };
		979E8E6A29A37B760069B52E /* ValidationService.swift */ = {isa = PBXFileReference; lastKnownFileType = sourcecode.swift; path = ValidationService.swift; sourceTree = "<group>"; };
		979E8E6C29A37D640069B52E /* SignInView.swift */ = {isa = PBXFileReference; lastKnownFileType = sourcecode.swift; path = SignInView.swift; sourceTree = "<group>"; };
		979E8E6E29A37D920069B52E /* SignInViewModel.swift */ = {isa = PBXFileReference; lastKnownFileType = sourcecode.swift; path = SignInViewModel.swift; sourceTree = "<group>"; };
		979E8E7029A387860069B52E /* AppCoordinator.swift */ = {isa = PBXFileReference; lastKnownFileType = sourcecode.swift; path = AppCoordinator.swift; sourceTree = "<group>"; };
		979E8E7329A388500069B52E /* TabViewCoordinator.swift */ = {isa = PBXFileReference; lastKnownFileType = sourcecode.swift; path = TabViewCoordinator.swift; sourceTree = "<group>"; };
		979E8E7629A38DC30069B52E /* ProfileView.swift */ = {isa = PBXFileReference; lastKnownFileType = sourcecode.swift; path = ProfileView.swift; sourceTree = "<group>"; };
		979E8E7829A38DDA0069B52E /* ProfileViewModel.swift */ = {isa = PBXFileReference; lastKnownFileType = sourcecode.swift; path = ProfileViewModel.swift; sourceTree = "<group>"; };
		979E8E7B29A3B9440069B52E /* ChecklistView.swift */ = {isa = PBXFileReference; lastKnownFileType = sourcecode.swift; path = ChecklistView.swift; sourceTree = "<group>"; };
		979E8E7D29A3B9860069B52E /* ChecklistViewModel.swift */ = {isa = PBXFileReference; lastKnownFileType = sourcecode.swift; path = ChecklistViewModel.swift; sourceTree = "<group>"; };
		979E8E8129A3C53E0069B52E /* СompletedСhecklist.swift */ = {isa = PBXFileReference; lastKnownFileType = sourcecode.swift; path = "СompletedСhecklist.swift"; sourceTree = "<group>"; };
		979E8E8329A3C58D0069B52E /* Revision.swift */ = {isa = PBXFileReference; lastKnownFileType = sourcecode.swift; path = Revision.swift; sourceTree = "<group>"; };
		979E8E8629A3D5190069B52E /* GetStartedView.swift */ = {isa = PBXFileReference; lastKnownFileType = sourcecode.swift; path = GetStartedView.swift; sourceTree = "<group>"; };
		979E8E8929A423A60069B52E /* CustomTextField.swift */ = {isa = PBXFileReference; lastKnownFileType = sourcecode.swift; path = CustomTextField.swift; sourceTree = "<group>"; };
		979E8E8C29A4CCF40069B52E /* RevisionService.swift */ = {isa = PBXFileReference; lastKnownFileType = sourcecode.swift; path = RevisionService.swift; sourceTree = "<group>"; };
		979E8E8E29A4CD6D0069B52E /* GetStartedViewModel.swift */ = {isa = PBXFileReference; lastKnownFileType = sourcecode.swift; path = GetStartedViewModel.swift; sourceTree = "<group>"; };
		979E8E9029A4DD610069B52E /* DatabaseModel.swift */ = {isa = PBXFileReference; lastKnownFileType = sourcecode.swift; path = DatabaseModel.swift; sourceTree = "<group>"; };
		979E8E9229A4DF150069B52E /* RevisionServiceProtocol.swift */ = {isa = PBXFileReference; lastKnownFileType = sourcecode.swift; path = RevisionServiceProtocol.swift; sourceTree = "<group>"; };
		979E8E9429A526F60069B52E /* CheckPoint.swift */ = {isa = PBXFileReference; lastKnownFileType = sourcecode.swift; path = CheckPoint.swift; sourceTree = "<group>"; };
		97F7768F29B39D0200E0E9F8 /* SettingsView.swift */ = {isa = PBXFileReference; lastKnownFileType = sourcecode.swift; path = SettingsView.swift; sourceTree = "<group>"; };
		97F7769229B3AA1800E0E9F8 /* ChangeEmailView.swift */ = {isa = PBXFileReference; lastKnownFileType = sourcecode.swift; path = ChangeEmailView.swift; sourceTree = "<group>"; };
		97F7769429B3AA5800E0E9F8 /* ChangeEmailViewModel.swift */ = {isa = PBXFileReference; lastKnownFileType = sourcecode.swift; path = ChangeEmailViewModel.swift; sourceTree = "<group>"; };
		97F7769729B3ABA600E0E9F8 /* ChangePasswordView.swift */ = {isa = PBXFileReference; lastKnownFileType = sourcecode.swift; path = ChangePasswordView.swift; sourceTree = "<group>"; };
		97F7769929B3ABC600E0E9F8 /* ChangePasswordViewModel.swift */ = {isa = PBXFileReference; lastKnownFileType = sourcecode.swift; path = ChangePasswordViewModel.swift; sourceTree = "<group>"; };
		97F7769B29B3ABF600E0E9F8 /* ChangePasswordError.swift */ = {isa = PBXFileReference; lastKnownFileType = sourcecode.swift; path = ChangePasswordError.swift; sourceTree = "<group>"; };
/* End PBXFileReference section */

/* Begin PBXFrameworksBuildPhase section */
		979E8DFE299FDADA0069B52E /* Frameworks */ = {
			isa = PBXFrameworksBuildPhase;
			buildActionMask = 2147483647;
			files = (
				979E8E3229A27D030069B52E /* SDWebImageSwiftUI in Frameworks */,
				979E8E4829A29F930069B52E /* FirebaseAuth in Frameworks */,
				979E8E5229A2A14E0069B52E /* KeychainSwift in Frameworks */,
				979E8E4A29A29F930069B52E /* FirebaseFirestore in Frameworks */,
				979E8E4C29A29F930069B52E /* FirebaseFirestoreSwift in Frameworks */,
			);
			runOnlyForDeploymentPostprocessing = 0;
		};
/* End PBXFrameworksBuildPhase section */

/* Begin PBXGroup section */
		971A499929E5B76F0059764C /* ListOfCompletedRevision */ = {
			isa = PBXGroup;
			children = (
				971A499A29E5B7980059764C /* ListOfCompletedRevisionView.swift */,
				971A499C29E5B8A40059764C /* ListOfCompletedRevisionViewModel.swift */,
			);
			path = ListOfCompletedRevision;
			sourceTree = "<group>";
		};
		9747779729E4317300D05C44 /* RevisionResult */ = {
			isa = PBXGroup;
			children = (
				9747779829E4319000D05C44 /* RevisionResultView.swift */,
				9747779A29E431B100D05C44 /* RevisionResultViewModel.swift */,
			);
			path = RevisionResult;
			sourceTree = "<group>";
		};
		9747779F29E56C4F00D05C44 /* RevisionDetalies */ = {
			isa = PBXGroup;
			children = (
				974777A029E56C6300D05C44 /* RevisionDetaliesView.swift */,
			);
			path = RevisionDetalies;
			sourceTree = "<group>";
		};
		979E8DF8299FDADA0069B52E = {
			isa = PBXGroup;
			children = (
				979E8E03299FDADA0069B52E /* HAIs-Checklist */,
				979E8E02299FDADA0069B52E /* Products */,
			);
			sourceTree = "<group>";
		};
		979E8E02299FDADA0069B52E /* Products */ = {
			isa = PBXGroup;
			children = (
				979E8E01299FDADA0069B52E /* HAIs-Checklist.app */,
			);
			name = Products;
			sourceTree = "<group>";
		};
		979E8E03299FDADA0069B52E /* HAIs-Checklist */ = {
			isa = PBXGroup;
			children = (
				979E8E04299FDADA0069B52E /* HAIs_ChecklistApp.swift */,
				979E8E7029A387860069B52E /* AppCoordinator.swift */,
				979E8E2529A165EA0069B52E /* UI */,
				979E8E2429A165DB0069B52E /* Services */,
				979E8E2629A165F60069B52E /* Utilities */,
				979E8E1D29A15A350069B52E /* GoogleService-Info.plist */,
				979E8E08299FDADC0069B52E /* Assets.xcassets */,
				979E8E0A299FDADC0069B52E /* Preview Content */,
			);
			path = "HAIs-Checklist";
			sourceTree = "<group>";
		};
		979E8E0A299FDADC0069B52E /* Preview Content */ = {
			isa = PBXGroup;
			children = (
				979E8E0B299FDADC0069B52E /* Preview Assets.xcassets */,
			);
			path = "Preview Content";
			sourceTree = "<group>";
		};
		979E8E2429A165DB0069B52E /* Services */ = {
			isa = PBXGroup;
			children = (
				979E8E8B29A4CCDB0069B52E /* RevisionService */,
				979E8E6929A37B690069B52E /* ValidationService */,
				979E8E4D29A29FB10069B52E /* StorageService */,
				979E8E4129A29DB50069B52E /* AuthorizationService */,
				979E8E3E29A2979D0069B52E /* DatabaseService */,
			);
			path = Services;
			sourceTree = "<group>";
		};
		979E8E2529A165EA0069B52E /* UI */ = {
			isa = PBXGroup;
			children = (
				979E8E6229A37A0C0069B52E /* Commun */,
				979E8E5929A379710069B52E /* Auth */,
				979E8E7229A3881A0069B52E /* Main */,
			);
			path = UI;
			sourceTree = "<group>";
		};
		979E8E2629A165F60069B52E /* Utilities */ = {
			isa = PBXGroup;
			children = (
				979E8E2729A1660B0069B52E /* Models */,
				979E8E3829A27F0A0069B52E /* Env.swift */,
				979E8E3A29A281080069B52E /* Processable.swift */,
				979E8E3F29A298450069B52E /* ChecklistType.swift */,
				979E8E5529A2ABBD0069B52E /* AppKeys.swift */,
				979E8E9029A4DD610069B52E /* DatabaseModel.swift */,
				97F7769B29B3ABF600E0E9F8 /* ChangePasswordError.swift */,
				9747779D29E4ABED00D05C44 /* RevisionResult.swift */,
			);
			path = Utilities;
			sourceTree = "<group>";
		};
		979E8E2729A1660B0069B52E /* Models */ = {
			isa = PBXGroup;
			children = (
				979E8E2829A166290069B52E /* Checklist.swift */,
				979E8E2A29A252FA0069B52E /* Document.swift */,
				979E8E5729A2ABE60069B52E /* User.swift */,
				979E8E8129A3C53E0069B52E /* СompletedСhecklist.swift */,
				979E8E8329A3C58D0069B52E /* Revision.swift */,
				979E8E9429A526F60069B52E /* CheckPoint.swift */,
			);
			path = Models;
			sourceTree = "<group>";
		};
		979E8E3529A27EDD0069B52E /* ListOfChecklist */ = {
			isa = PBXGroup;
			children = (
				979E8E3329A27EB20069B52E /* ListOfChecklistView.swift */,
				979E8E3629A27EEC0069B52E /* ListOfChecklistViewModel.swift */,
			);
			path = ListOfChecklist;
			sourceTree = "<group>";
		};
		979E8E3E29A2979D0069B52E /* DatabaseService */ = {
			isa = PBXGroup;
			children = (
				979E8E2E29A253B40069B52E /* FirestoreDatabaseService.swift */,
				979E8E2C29A253600069B52E /* DatabaseServiceProtocol.swift */,
			);
			path = DatabaseService;
			sourceTree = "<group>";
		};
		979E8E4129A29DB50069B52E /* AuthorizationService */ = {
			isa = PBXGroup;
			children = (
				979E8E4229A29DF80069B52E /* AuthorizationServiceProtocol.swift */,
				979E8E4429A29E0E0069B52E /* FirebaseAuthorizationService.swift */,
			);
			path = AuthorizationService;
			sourceTree = "<group>";
		};
		979E8E4D29A29FB10069B52E /* StorageService */ = {
			isa = PBXGroup;
			children = (
				979E8E4E29A29FC70069B52E /* StorageService.swift */,
				979E8E5329A2AB880069B52E /* StorageServiceProtocol.swift */,
			);
			path = StorageService;
			sourceTree = "<group>";
		};
		979E8E5929A379710069B52E /* Auth */ = {
			isa = PBXGroup;
			children = (
				979E8E5D29A379B40069B52E /* SignInView */,
				979E8E5C29A379AF0069B52E /* SignUpView */,
				979E8E5A29A3798B0069B52E /* AuthCoordinator.swift */,
			);
			path = Auth;
			sourceTree = "<group>";
		};
		979E8E5C29A379AF0069B52E /* SignUpView */ = {
			isa = PBXGroup;
			children = (
				979E8E5E29A379C90069B52E /* SignUpView.swift */,
				979E8E6029A379F00069B52E /* SignUpViewModel.swift */,
			);
			name = SignUpView;
			sourceTree = "<group>";
		};
		979E8E5D29A379B40069B52E /* SignInView */ = {
			isa = PBXGroup;
			children = (
				979E8E6C29A37D640069B52E /* SignInView.swift */,
				979E8E6E29A37D920069B52E /* SignInViewModel.swift */,
			);
			name = SignInView;
			sourceTree = "<group>";
		};
		979E8E6229A37A0C0069B52E /* Commun */ = {
			isa = PBXGroup;
			children = (
				979E8E6329A37A260069B52E /* UsernameTextField.swift */,
				979E8E6529A37A690069B52E /* PasswordSecureField.swift */,
				979E8E6729A37A7D0069B52E /* EmailTextField.swift */,
				979E8E8929A423A60069B52E /* CustomTextField.swift */,
			);
			path = Commun;
			sourceTree = "<group>";
		};
		979E8E6929A37B690069B52E /* ValidationService */ = {
			isa = PBXGroup;
			children = (
				979E8E6A29A37B760069B52E /* ValidationService.swift */,
			);
			path = ValidationService;
			sourceTree = "<group>";
		};
		979E8E7229A3881A0069B52E /* Main */ = {
			isa = PBXGroup;
			children = (
				971A499929E5B76F0059764C /* ListOfCompletedRevision */,
				9747779F29E56C4F00D05C44 /* RevisionDetalies */,
				9747779729E4317300D05C44 /* RevisionResult */,
				979E8E8529A3D4EE0069B52E /* GetStarted */,
				979E8E7A29A3B9290069B52E /* Checklist */,
				979E8E3529A27EDD0069B52E /* ListOfChecklist */,
				97F7769129B3AA0500E0E9F8 /* ChangeEmail */,
				97F7769629B3AB7E00E0E9F8 /* ChangePassword */,
				97F7768E29B39CE400E0E9F8 /* Settings */,
				979E8E7529A38DAA0069B52E /* Profile */,
				979E8E7329A388500069B52E /* TabViewCoordinator.swift */,
			);
			name = Main;
			path = Auth;
			sourceTree = "<group>";
		};
		979E8E7529A38DAA0069B52E /* Profile */ = {
			isa = PBXGroup;
			children = (
				979E8E7629A38DC30069B52E /* ProfileView.swift */,
				979E8E7829A38DDA0069B52E /* ProfileViewModel.swift */,
			);
			path = Profile;
			sourceTree = "<group>";
		};
		979E8E7A29A3B9290069B52E /* Checklist */ = {
			isa = PBXGroup;
			children = (
				979E8E7B29A3B9440069B52E /* ChecklistView.swift */,
				979E8E7D29A3B9860069B52E /* ChecklistViewModel.swift */,
			);
			path = Checklist;
			sourceTree = "<group>";
		};
		979E8E8529A3D4EE0069B52E /* GetStarted */ = {
			isa = PBXGroup;
			children = (
				979E8E8629A3D5190069B52E /* GetStartedView.swift */,
				979E8E8E29A4CD6D0069B52E /* GetStartedViewModel.swift */,
			);
			path = GetStarted;
			sourceTree = "<group>";
		};
		979E8E8B29A4CCDB0069B52E /* RevisionService */ = {
			isa = PBXGroup;
			children = (
				979E8E8C29A4CCF40069B52E /* RevisionService.swift */,
				979E8E9229A4DF150069B52E /* RevisionServiceProtocol.swift */,
			);
			path = RevisionService;
			sourceTree = "<group>";
		};
		97F7768E29B39CE400E0E9F8 /* Settings */ = {
			isa = PBXGroup;
			children = (
				97F7768F29B39D0200E0E9F8 /* SettingsView.swift */,
			);
			path = Settings;
			sourceTree = "<group>";
		};
		97F7769129B3AA0500E0E9F8 /* ChangeEmail */ = {
			isa = PBXGroup;
			children = (
				97F7769229B3AA1800E0E9F8 /* ChangeEmailView.swift */,
				97F7769429B3AA5800E0E9F8 /* ChangeEmailViewModel.swift */,
			);
			path = ChangeEmail;
			sourceTree = "<group>";
		};
		97F7769629B3AB7E00E0E9F8 /* ChangePassword */ = {
			isa = PBXGroup;
			children = (
				97F7769729B3ABA600E0E9F8 /* ChangePasswordView.swift */,
				97F7769929B3ABC600E0E9F8 /* ChangePasswordViewModel.swift */,
			);
			path = ChangePassword;
			sourceTree = "<group>";
		};
/* End PBXGroup section */

/* Begin PBXNativeTarget section */
		979E8E00299FDADA0069B52E /* HAIs-Checklist */ = {
			isa = PBXNativeTarget;
			buildConfigurationList = 979E8E0F299FDADC0069B52E /* Build configuration list for PBXNativeTarget "HAIs-Checklist" */;
			buildPhases = (
				979E8DFD299FDADA0069B52E /* Sources */,
				979E8DFE299FDADA0069B52E /* Frameworks */,
				979E8DFF299FDADA0069B52E /* Resources */,
			);
			buildRules = (
			);
			dependencies = (
			);
			name = "HAIs-Checklist";
			packageProductDependencies = (
				979E8E3129A27D030069B52E /* SDWebImageSwiftUI */,
				979E8E4729A29F930069B52E /* FirebaseAuth */,
				979E8E4929A29F930069B52E /* FirebaseFirestore */,
				979E8E4B29A29F930069B52E /* FirebaseFirestoreSwift */,
				979E8E5129A2A14E0069B52E /* KeychainSwift */,
			);
			productName = "HAIs-Checklist";
			productReference = 979E8E01299FDADA0069B52E /* HAIs-Checklist.app */;
			productType = "com.apple.product-type.application";
		};
/* End PBXNativeTarget section */

/* Begin PBXProject section */
		979E8DF9299FDADA0069B52E /* Project object */ = {
			isa = PBXProject;
			attributes = {
				BuildIndependentTargetsInParallel = 1;
				LastSwiftUpdateCheck = 1420;
				LastUpgradeCheck = 1420;
				TargetAttributes = {
					979E8E00299FDADA0069B52E = {
						CreatedOnToolsVersion = 14.2;
					};
				};
			};
			buildConfigurationList = 979E8DFC299FDADA0069B52E /* Build configuration list for PBXProject "HAIs-Checklist" */;
			compatibilityVersion = "Xcode 14.0";
			developmentRegion = en;
			hasScannedForEncodings = 0;
			knownRegions = (
				en,
				Base,
			);
			mainGroup = 979E8DF8299FDADA0069B52E;
			packageReferences = (
				979E8E3029A27D030069B52E /* XCRemoteSwiftPackageReference "SDWebImageSwiftUI" */,
				979E8E4629A29F930069B52E /* XCRemoteSwiftPackageReference "firebase-ios-sdk" */,
				979E8E5029A2A14E0069B52E /* XCRemoteSwiftPackageReference "keychain-swift" */,
			);
			productRefGroup = 979E8E02299FDADA0069B52E /* Products */;
			projectDirPath = "";
			projectRoot = "";
			targets = (
				979E8E00299FDADA0069B52E /* HAIs-Checklist */,
			);
		};
/* End PBXProject section */

/* Begin PBXResourcesBuildPhase section */
		979E8DFF299FDADA0069B52E /* Resources */ = {
			isa = PBXResourcesBuildPhase;
			buildActionMask = 2147483647;
			files = (
				979E8E0C299FDADC0069B52E /* Preview Assets.xcassets in Resources */,
				979E8E09299FDADC0069B52E /* Assets.xcassets in Resources */,
				979E8E1E29A15A350069B52E /* GoogleService-Info.plist in Resources */,
			);
			runOnlyForDeploymentPostprocessing = 0;
		};
/* End PBXResourcesBuildPhase section */

/* Begin PBXSourcesBuildPhase section */
		979E8DFD299FDADA0069B52E /* Sources */ = {
			isa = PBXSourcesBuildPhase;
			buildActionMask = 2147483647;
			files = (
				979E8E3729A27EEC0069B52E /* ListOfChecklistViewModel.swift in Sources */,
				9747779929E4319000D05C44 /* RevisionResultView.swift in Sources */,
				9747779B29E431B100D05C44 /* RevisionResultViewModel.swift in Sources */,
				979E8E7429A388500069B52E /* TabViewCoordinator.swift in Sources */,
				979E8E7929A38DDA0069B52E /* ProfileViewModel.swift in Sources */,
				979E8E8729A3D5190069B52E /* GetStartedView.swift in Sources */,
				979E8E4329A29DF80069B52E /* AuthorizationServiceProtocol.swift in Sources */,
				97F7769529B3AA5800E0E9F8 /* ChangeEmailViewModel.swift in Sources */,
				97F7769029B39D0200E0E9F8 /* SettingsView.swift in Sources */,
				9747779E29E4ABED00D05C44 /* RevisionResult.swift in Sources */,
				979E8E6129A379F00069B52E /* SignUpViewModel.swift in Sources */,
				97F7769329B3AA1800E0E9F8 /* ChangeEmailView.swift in Sources */,
				979E8E8229A3C53E0069B52E /* СompletedСhecklist.swift in Sources */,
				979E8E2B29A252FA0069B52E /* Document.swift in Sources */,
				979E8E6F29A37D920069B52E /* SignInViewModel.swift in Sources */,
				979E8E8F29A4CD6D0069B52E /* GetStartedViewModel.swift in Sources */,
				979E8E4029A298450069B52E /* ChecklistType.swift in Sources */,
				971A499B29E5B7980059764C /* ListOfCompletedRevisionView.swift in Sources */,
				979E8E7129A387860069B52E /* AppCoordinator.swift in Sources */,
				979E8E2F29A253B40069B52E /* FirestoreDatabaseService.swift in Sources */,
				979E8E5F29A379C90069B52E /* SignUpView.swift in Sources */,
				979E8E5629A2ABBD0069B52E /* AppKeys.swift in Sources */,
				979E8E8A29A423A60069B52E /* CustomTextField.swift in Sources */,
				979E8E6629A37A690069B52E /* PasswordSecureField.swift in Sources */,
				979E8E7729A38DC30069B52E /* ProfileView.swift in Sources */,
				979E8E7E29A3B9860069B52E /* ChecklistViewModel.swift in Sources */,
				979E8E9529A526F60069B52E /* CheckPoint.swift in Sources */,
				974777A129E56C6300D05C44 /* RevisionDetaliesView.swift in Sources */,
				97F7769829B3ABA600E0E9F8 /* ChangePasswordView.swift in Sources */,
				979E8E6D29A37D640069B52E /* SignInView.swift in Sources */,
				971A499D29E5B8A40059764C /* ListOfCompletedRevisionViewModel.swift in Sources */,
				979E8E9129A4DD610069B52E /* DatabaseModel.swift in Sources */,
				979E8E3929A27F0A0069B52E /* Env.swift in Sources */,
				979E8E5829A2ABE60069B52E /* User.swift in Sources */,
				979E8E2D29A253600069B52E /* DatabaseServiceProtocol.swift in Sources */,
				979E8E8429A3C58D0069B52E /* Revision.swift in Sources */,
				979E8E6429A37A260069B52E /* UsernameTextField.swift in Sources */,
				979E8E8D29A4CCF40069B52E /* RevisionService.swift in Sources */,
				979E8E3429A27EB20069B52E /* ListOfChecklistView.swift in Sources */,
				979E8E6B29A37B760069B52E /* ValidationService.swift in Sources */,
				979E8E7C29A3B9440069B52E /* ChecklistView.swift in Sources */,
				979E8E5429A2AB880069B52E /* StorageServiceProtocol.swift in Sources */,
				979E8E05299FDADA0069B52E /* HAIs_ChecklistApp.swift in Sources */,
				97F7769C29B3ABF600E0E9F8 /* ChangePasswordError.swift in Sources */,
				979E8E2929A166290069B52E /* Checklist.swift in Sources */,
				979E8E9329A4DF150069B52E /* RevisionServiceProtocol.swift in Sources */,
				979E8E6829A37A7D0069B52E /* EmailTextField.swift in Sources */,
				97F7769A29B3ABC600E0E9F8 /* ChangePasswordViewModel.swift in Sources */,
				979E8E3B29A281080069B52E /* Processable.swift in Sources */,
				979E8E4529A29E0E0069B52E /* FirebaseAuthorizationService.swift in Sources */,
				979E8E5B29A3798B0069B52E /* AuthCoordinator.swift in Sources */,
				979E8E4F29A29FC70069B52E /* StorageService.swift in Sources */,
			);
			runOnlyForDeploymentPostprocessing = 0;
		};
/* End PBXSourcesBuildPhase section */

/* Begin XCBuildConfiguration section */
		979E8E0D299FDADC0069B52E /* Debug */ = {
			isa = XCBuildConfiguration;
			buildSettings = {
				ALWAYS_SEARCH_USER_PATHS = NO;
				CLANG_ANALYZER_NONNULL = YES;
				CLANG_ANALYZER_NUMBER_OBJECT_CONVERSION = YES_AGGRESSIVE;
				CLANG_CXX_LANGUAGE_STANDARD = "gnu++20";
				CLANG_ENABLE_MODULES = YES;
				CLANG_ENABLE_OBJC_ARC = YES;
				CLANG_ENABLE_OBJC_WEAK = YES;
				CLANG_WARN_BLOCK_CAPTURE_AUTORELEASING = YES;
				CLANG_WARN_BOOL_CONVERSION = YES;
				CLANG_WARN_COMMA = YES;
				CLANG_WARN_CONSTANT_CONVERSION = YES;
				CLANG_WARN_DEPRECATED_OBJC_IMPLEMENTATIONS = YES;
				CLANG_WARN_DIRECT_OBJC_ISA_USAGE = YES_ERROR;
				CLANG_WARN_DOCUMENTATION_COMMENTS = YES;
				CLANG_WARN_EMPTY_BODY = YES;
				CLANG_WARN_ENUM_CONVERSION = YES;
				CLANG_WARN_INFINITE_RECURSION = YES;
				CLANG_WARN_INT_CONVERSION = YES;
				CLANG_WARN_NON_LITERAL_NULL_CONVERSION = YES;
				CLANG_WARN_OBJC_IMPLICIT_RETAIN_SELF = YES;
				CLANG_WARN_OBJC_LITERAL_CONVERSION = YES;
				CLANG_WARN_OBJC_ROOT_CLASS = YES_ERROR;
				CLANG_WARN_QUOTED_INCLUDE_IN_FRAMEWORK_HEADER = YES;
				CLANG_WARN_RANGE_LOOP_ANALYSIS = YES;
				CLANG_WARN_STRICT_PROTOTYPES = YES;
				CLANG_WARN_SUSPICIOUS_MOVE = YES;
				CLANG_WARN_UNGUARDED_AVAILABILITY = YES_AGGRESSIVE;
				CLANG_WARN_UNREACHABLE_CODE = YES;
				CLANG_WARN__DUPLICATE_METHOD_MATCH = YES;
				COPY_PHASE_STRIP = NO;
				DEBUG_INFORMATION_FORMAT = dwarf;
				ENABLE_STRICT_OBJC_MSGSEND = YES;
				ENABLE_TESTABILITY = YES;
				GCC_C_LANGUAGE_STANDARD = gnu11;
				GCC_DYNAMIC_NO_PIC = NO;
				GCC_NO_COMMON_BLOCKS = YES;
				GCC_OPTIMIZATION_LEVEL = 0;
				GCC_PREPROCESSOR_DEFINITIONS = (
					"DEBUG=1",
					"$(inherited)",
				);
				GCC_WARN_64_TO_32_BIT_CONVERSION = YES;
				GCC_WARN_ABOUT_RETURN_TYPE = YES_ERROR;
				GCC_WARN_UNDECLARED_SELECTOR = YES;
				GCC_WARN_UNINITIALIZED_AUTOS = YES_AGGRESSIVE;
				GCC_WARN_UNUSED_FUNCTION = YES;
				GCC_WARN_UNUSED_VARIABLE = YES;
				IPHONEOS_DEPLOYMENT_TARGET = 16.2;
				MTL_ENABLE_DEBUG_INFO = INCLUDE_SOURCE;
				MTL_FAST_MATH = YES;
				ONLY_ACTIVE_ARCH = YES;
				SDKROOT = iphoneos;
				SWIFT_ACTIVE_COMPILATION_CONDITIONS = DEBUG;
				SWIFT_OPTIMIZATION_LEVEL = "-Onone";
			};
			name = Debug;
		};
		979E8E0E299FDADC0069B52E /* Release */ = {
			isa = XCBuildConfiguration;
			buildSettings = {
				ALWAYS_SEARCH_USER_PATHS = NO;
				CLANG_ANALYZER_NONNULL = YES;
				CLANG_ANALYZER_NUMBER_OBJECT_CONVERSION = YES_AGGRESSIVE;
				CLANG_CXX_LANGUAGE_STANDARD = "gnu++20";
				CLANG_ENABLE_MODULES = YES;
				CLANG_ENABLE_OBJC_ARC = YES;
				CLANG_ENABLE_OBJC_WEAK = YES;
				CLANG_WARN_BLOCK_CAPTURE_AUTORELEASING = YES;
				CLANG_WARN_BOOL_CONVERSION = YES;
				CLANG_WARN_COMMA = YES;
				CLANG_WARN_CONSTANT_CONVERSION = YES;
				CLANG_WARN_DEPRECATED_OBJC_IMPLEMENTATIONS = YES;
				CLANG_WARN_DIRECT_OBJC_ISA_USAGE = YES_ERROR;
				CLANG_WARN_DOCUMENTATION_COMMENTS = YES;
				CLANG_WARN_EMPTY_BODY = YES;
				CLANG_WARN_ENUM_CONVERSION = YES;
				CLANG_WARN_INFINITE_RECURSION = YES;
				CLANG_WARN_INT_CONVERSION = YES;
				CLANG_WARN_NON_LITERAL_NULL_CONVERSION = YES;
				CLANG_WARN_OBJC_IMPLICIT_RETAIN_SELF = YES;
				CLANG_WARN_OBJC_LITERAL_CONVERSION = YES;
				CLANG_WARN_OBJC_ROOT_CLASS = YES_ERROR;
				CLANG_WARN_QUOTED_INCLUDE_IN_FRAMEWORK_HEADER = YES;
				CLANG_WARN_RANGE_LOOP_ANALYSIS = YES;
				CLANG_WARN_STRICT_PROTOTYPES = YES;
				CLANG_WARN_SUSPICIOUS_MOVE = YES;
				CLANG_WARN_UNGUARDED_AVAILABILITY = YES_AGGRESSIVE;
				CLANG_WARN_UNREACHABLE_CODE = YES;
				CLANG_WARN__DUPLICATE_METHOD_MATCH = YES;
				COPY_PHASE_STRIP = NO;
				DEBUG_INFORMATION_FORMAT = "dwarf-with-dsym";
				ENABLE_NS_ASSERTIONS = NO;
				ENABLE_STRICT_OBJC_MSGSEND = YES;
				GCC_C_LANGUAGE_STANDARD = gnu11;
				GCC_NO_COMMON_BLOCKS = YES;
				GCC_WARN_64_TO_32_BIT_CONVERSION = YES;
				GCC_WARN_ABOUT_RETURN_TYPE = YES_ERROR;
				GCC_WARN_UNDECLARED_SELECTOR = YES;
				GCC_WARN_UNINITIALIZED_AUTOS = YES_AGGRESSIVE;
				GCC_WARN_UNUSED_FUNCTION = YES;
				GCC_WARN_UNUSED_VARIABLE = YES;
				IPHONEOS_DEPLOYMENT_TARGET = 16.2;
				MTL_ENABLE_DEBUG_INFO = NO;
				MTL_FAST_MATH = YES;
				SDKROOT = iphoneos;
				SWIFT_COMPILATION_MODE = wholemodule;
				SWIFT_OPTIMIZATION_LEVEL = "-O";
				VALIDATE_PRODUCT = YES;
			};
			name = Release;
		};
		979E8E10299FDADC0069B52E /* Debug */ = {
			isa = XCBuildConfiguration;
			buildSettings = {
				ASSETCATALOG_COMPILER_APPICON_NAME = AppIcon;
				ASSETCATALOG_COMPILER_GLOBAL_ACCENT_COLOR_NAME = AccentColor;
				CODE_SIGN_STYLE = Automatic;
				CURRENT_PROJECT_VERSION = 1;
				DEVELOPMENT_ASSET_PATHS = "\"HAIs-Checklist/Preview Content\"";
				DEVELOPMENT_TEAM = 92XSJ983J7;
				ENABLE_PREVIEWS = YES;
				GENERATE_INFOPLIST_FILE = YES;
				INFOPLIST_KEY_CFBundleDisplayName = "HAIs Checklist";
				INFOPLIST_KEY_UIApplicationSceneManifest_Generation = YES;
				INFOPLIST_KEY_UIApplicationSupportsIndirectInputEvents = YES;
				INFOPLIST_KEY_UILaunchScreen_Generation = YES;
				INFOPLIST_KEY_UISupportedInterfaceOrientations_iPad = "UIInterfaceOrientationPortrait UIInterfaceOrientationPortraitUpsideDown UIInterfaceOrientationLandscapeLeft UIInterfaceOrientationLandscapeRight";
				INFOPLIST_KEY_UISupportedInterfaceOrientations_iPhone = "UIInterfaceOrientationPortrait UIInterfaceOrientationLandscapeLeft UIInterfaceOrientationLandscapeRight";
				IPHONEOS_DEPLOYMENT_TARGET = 16.2;
				LD_RUNPATH_SEARCH_PATHS = (
					"$(inherited)",
					"@executable_path/Frameworks",
				);
				MARKETING_VERSION = 1.0;
				PRODUCT_BUNDLE_IDENTIFIER = "yevtushenko.com.HAIs-Checklist";
				PRODUCT_NAME = "$(TARGET_NAME)";
				SWIFT_EMIT_LOC_STRINGS = YES;
				SWIFT_VERSION = 5.0;
				TARGETED_DEVICE_FAMILY = "1,2";
			};
			name = Debug;
		};
		979E8E11299FDADC0069B52E /* Release */ = {
			isa = XCBuildConfiguration;
			buildSettings = {
				ASSETCATALOG_COMPILER_APPICON_NAME = AppIcon;
				ASSETCATALOG_COMPILER_GLOBAL_ACCENT_COLOR_NAME = AccentColor;
				CODE_SIGN_STYLE = Automatic;
				CURRENT_PROJECT_VERSION = 1;
				DEVELOPMENT_ASSET_PATHS = "\"HAIs-Checklist/Preview Content\"";
				DEVELOPMENT_TEAM = 92XSJ983J7;
				ENABLE_PREVIEWS = YES;
				GENERATE_INFOPLIST_FILE = YES;
				INFOPLIST_KEY_CFBundleDisplayName = "HAIs Checklist";
				INFOPLIST_KEY_UIApplicationSceneManifest_Generation = YES;
				INFOPLIST_KEY_UIApplicationSupportsIndirectInputEvents = YES;
				INFOPLIST_KEY_UILaunchScreen_Generation = YES;
				INFOPLIST_KEY_UISupportedInterfaceOrientations_iPad = "UIInterfaceOrientationPortrait UIInterfaceOrientationPortraitUpsideDown UIInterfaceOrientationLandscapeLeft UIInterfaceOrientationLandscapeRight";
				INFOPLIST_KEY_UISupportedInterfaceOrientations_iPhone = "UIInterfaceOrientationPortrait UIInterfaceOrientationLandscapeLeft UIInterfaceOrientationLandscapeRight";
				IPHONEOS_DEPLOYMENT_TARGET = 16.2;
				LD_RUNPATH_SEARCH_PATHS = (
					"$(inherited)",
					"@executable_path/Frameworks",
				);
				MARKETING_VERSION = 1.0;
				PRODUCT_BUNDLE_IDENTIFIER = "yevtushenko.com.HAIs-Checklist";
				PRODUCT_NAME = "$(TARGET_NAME)";
				SWIFT_EMIT_LOC_STRINGS = YES;
				SWIFT_VERSION = 5.0;
				TARGETED_DEVICE_FAMILY = "1,2";
			};
			name = Release;
		};
/* End XCBuildConfiguration section */

/* Begin XCConfigurationList section */
		979E8DFC299FDADA0069B52E /* Build configuration list for PBXProject "HAIs-Checklist" */ = {
			isa = XCConfigurationList;
			buildConfigurations = (
				979E8E0D299FDADC0069B52E /* Debug */,
				979E8E0E299FDADC0069B52E /* Release */,
			);
			defaultConfigurationIsVisible = 0;
			defaultConfigurationName = Release;
		};
		979E8E0F299FDADC0069B52E /* Build configuration list for PBXNativeTarget "HAIs-Checklist" */ = {
			isa = XCConfigurationList;
			buildConfigurations = (
				979E8E10299FDADC0069B52E /* Debug */,
				979E8E11299FDADC0069B52E /* Release */,
			);
			defaultConfigurationIsVisible = 0;
			defaultConfigurationName = Release;
		};
/* End XCConfigurationList section */

/* Begin XCRemoteSwiftPackageReference section */
		979E8E3029A27D030069B52E /* XCRemoteSwiftPackageReference "SDWebImageSwiftUI" */ = {
			isa = XCRemoteSwiftPackageReference;
			repositoryURL = "https://github.com/SDWebImage/SDWebImageSwiftUI.git";
			requirement = {
				kind = upToNextMajorVersion;
				minimumVersion = 2.0.0;
			};
		};
		979E8E4629A29F930069B52E /* XCRemoteSwiftPackageReference "firebase-ios-sdk" */ = {
			isa = XCRemoteSwiftPackageReference;
			repositoryURL = "https://github.com/firebase/firebase-ios-sdk";
			requirement = {
				branch = master;
				kind = branch;
			};
		};
		979E8E5029A2A14E0069B52E /* XCRemoteSwiftPackageReference "keychain-swift" */ = {
			isa = XCRemoteSwiftPackageReference;
			repositoryURL = "https://github.com/evgenyneu/keychain-swift.git";
			requirement = {
				branch = master;
				kind = branch;
			};
		};
/* End XCRemoteSwiftPackageReference section */

/* Begin XCSwiftPackageProductDependency section */
		979E8E3129A27D030069B52E /* SDWebImageSwiftUI */ = {
			isa = XCSwiftPackageProductDependency;
			package = 979E8E3029A27D030069B52E /* XCRemoteSwiftPackageReference "SDWebImageSwiftUI" */;
			productName = SDWebImageSwiftUI;
		};
		979E8E4729A29F930069B52E /* FirebaseAuth */ = {
			isa = XCSwiftPackageProductDependency;
			package = 979E8E4629A29F930069B52E /* XCRemoteSwiftPackageReference "firebase-ios-sdk" */;
			productName = FirebaseAuth;
		};
		979E8E4929A29F930069B52E /* FirebaseFirestore */ = {
			isa = XCSwiftPackageProductDependency;
			package = 979E8E4629A29F930069B52E /* XCRemoteSwiftPackageReference "firebase-ios-sdk" */;
			productName = FirebaseFirestore;
		};
		979E8E4B29A29F930069B52E /* FirebaseFirestoreSwift */ = {
			isa = XCSwiftPackageProductDependency;
			package = 979E8E4629A29F930069B52E /* XCRemoteSwiftPackageReference "firebase-ios-sdk" */;
			productName = FirebaseFirestoreSwift;
		};
		979E8E5129A2A14E0069B52E /* KeychainSwift */ = {
			isa = XCSwiftPackageProductDependency;
			package = 979E8E5029A2A14E0069B52E /* XCRemoteSwiftPackageReference "keychain-swift" */;
			productName = KeychainSwift;
		};
/* End XCSwiftPackageProductDependency section */
	};
	rootObject = 979E8DF9299FDADA0069B52E /* Project object */;
}
